
Microsoft Visual Studio Solution File, Format Version 12.00
# Visual Studio 14
VisualStudioVersion = 14.0.25420.1
MinimumVisualStudioVersion = 10.0.40219.1
Project("{FAE04EC0-301F-11D3-BF4B-00C04F79EFBC}") = "gray", "gray\gray.csproj", "{8FF103AC-1AFD-4BD8-9E0B-27FFBA0B2AF9}"
EndProject
Project("{FAE04EC0-301F-11D3-BF4B-00C04F79EFBC}") = "histogram", "ModelForm\histogram.csproj", "{AB997035-327F-4887-8244-106148DE54F6}"
EndProject
Project("{FAE04EC0-301F-11D3-BF4B-00C04F79EFBC}") = "geometric", "geometric\geometric.csproj", "{456ACB57-CB93-4144-9E8A-5E612783EB39}"
EndProject
Project("{FAE04EC0-301F-11D3-BF4B-00C04F79EFBC}") = "color", "color\color.csproj", "{F077F3CF-664D-4DF1-9C4A-B41A95C9B6C7}"
EndProject
Project("{FAE04EC0-301F-11D3-BF4B-00C04F79EFBC}") = "compression", "compression\compression.csproj", "{D08AC8F4-8E1F-40C0-8996-E5EDC99EC641}"
EndProject
Project("{FAE04EC0-301F-11D3-BF4B-00C04F79EFBC}") = "edge", "edge\edge.csproj", "{75FC73FE-2C0F-42F0-9DB6-6A064BFEE6DE}"
EndProject
Project("{FAE04EC0-301F-11D3-BF4B-00C04F79EFBC}") = "frequency", "frequency\frequency.csproj", "{79B1C104-D139-4B6B-B6D2-EC08D9209ECF}"
EndProject
Project("{FAE04EC0-301F-11D3-BF4B-00C04F79EFBC}") = "morphology", "morphology\morphology.csproj", "{45429D54-2794-4824-9FF1-BBCAFB37FFA7}"
EndProject
Project("{FAE04EC0-301F-11D3-BF4B-00C04F79EFBC}") = "segmentatioin", "segmentatioin\segmentatioin.csproj", "{3C35E405-90F0-4D3D-AD4C-B351FC77DC60}"
EndProject
Project("{FAE04EC0-301F-11D3-BF4B-00C04F79EFBC}") = "smooth", "smooth\smooth.csproj", "{CFD440FE-DD58-4CC4-AD99-497D04F0EF1E}"
EndProject
Project("{FAE04EC0-301F-11D3-BF4B-00C04F79EFBC}") = "changepixel", "changepixel\changepixel.csproj", "{61365CAF-C50C-4F38-AF9B-C012050BF098}"
EndProject
Project("{FAE04EC0-301F-11D3-BF4B-00C04F79EFBC}") = "ImageProcessing", "ImageProcessing\ImageProcessing.csproj", "{0A7FE5D0-4036-4B7D-B27A-184B4117A6D6}"
EndProject
Global
	GlobalSection(SolutionConfigurationPlatforms) = preSolution
		Debug|Any CPU = Debug|Any CPU
		Release|Any CPU = Release|Any CPU
	EndGlobalSection
	GlobalSection(ProjectConfigurationPlatforms) = postSolution
		{8FF103AC-1AFD-4BD8-9E0B-27FFBA0B2AF9}.Debug|Any CPU.ActiveCfg = Debug|Any CPU
		{8FF103AC-1AFD-4BD8-9E0B-27FFBA0B2AF9}.Debug|Any CPU.Build.0 = Debug|Any CPU
		{8FF103AC-1AFD-4BD8-9E0B-27FFBA0B2AF9}.Release|Any CPU.ActiveCfg = Release|Any CPU
		{8FF103AC-1AFD-4BD8-9E0B-27FFBA0B2AF9}.Release|Any CPU.Build.0 = Release|Any CPU
		{AB997035-327F-4887-8244-106148DE54F6}.Debug|Any CPU.ActiveCfg = Debug|Any CPU
		{AB997035-327F-4887-8244-106148DE54F6}.Debug|Any CPU.Build.0 = Debug|Any CPU
		{AB997035-327F-4887-8244-106148DE54F6}.Release|Any CPU.ActiveCfg = Release|Any CPU
		{AB997035-327F-4887-8244-106148DE54F6}.Release|Any CPU.Build.0 = Release|Any CPU
		{456ACB57-CB93-4144-9E8A-5E612783EB39}.Debug|Any CPU.ActiveCfg = Debug|Any CPU
		{456ACB57-CB93-4144-9E8A-5E612783EB39}.Debug|Any CPU.Build.0 = Debug|Any CPU
		{456ACB57-CB93-4144-9E8A-5E612783EB39}.Release|Any CPU.ActiveCfg = Release|Any CPU
		{456ACB57-CB93-4144-9E8A-5E612783EB39}.Release|Any CPU.Build.0 = Release|Any CPU
		{F077F3CF-664D-4DF1-9C4A-B41A95C9B6C7}.Debug|Any CPU.ActiveCfg = Debug|Any CPU
		{F077F3CF-664D-4DF1-9C4A-B41A95C9B6C7}.Debug|Any CPU.Build.0 = Debug|Any CPU
		{F077F3CF-664D-4DF1-9C4A-B41A95C9B6C7}.Release|Any CPU.ActiveCfg = Release|Any CPU
		{F077F3CF-664D-4DF1-9C4A-B41A95C9B6C7}.Release|Any CPU.Build.0 = Release|Any CPU
		{D08AC8F4-8E1F-40C0-8996-E5EDC99EC641}.Debug|Any CPU.ActiveCfg = Debug|Any CPU
		{D08AC8F4-8E1F-40C0-8996-E5EDC99EC641}.Debug|Any CPU.Build.0 = Debug|Any CPU
		{D08AC8F4-8E1F-40C0-8996-E5EDC99EC641}.Release|Any CPU.ActiveCfg = Release|Any CPU
		{D08AC8F4-8E1F-40C0-8996-E5EDC99EC641}.Release|Any CPU.Build.0 = Release|Any CPU
		{75FC73FE-2C0F-42F0-9DB6-6A064BFEE6DE}.Debug|Any CPU.ActiveCfg = Debug|Any CPU
		{75FC73FE-2C0F-42F0-9DB6-6A064BFEE6DE}.Debug|Any CPU.Build.0 = Debug|Any CPU
		{75FC73FE-2C0F-42F0-9DB6-6A064BFEE6DE}.Release|Any CPU.ActiveCfg = Release|Any CPU
		{75FC73FE-2C0F-42F0-9DB6-6A064BFEE6DE}.Release|Any CPU.Build.0 = Release|Any CPU
		{79B1C104-D139-4B6B-B6D2-EC08D9209ECF}.Debug|Any CPU.ActiveCfg = Debug|Any CPU
		{79B1C104-D139-4B6B-B6D2-EC08D9209ECF}.Debug|Any CPU.Build.0 = Debug|Any CPU
		{79B1C104-D139-4B6B-B6D2-EC08D9209ECF}.Release|Any CPU.ActiveCfg = Release|Any CPU
		{79B1C104-D139-4B6B-B6D2-EC08D9209ECF}.Release|Any CPU.Build.0 = Release|Any CPU
		{45429D54-2794-4824-9FF1-BBCAFB37FFA7}.Debug|Any CPU.ActiveCfg = Debug|Any CPU
		{45429D54-2794-4824-9FF1-BBCAFB37FFA7}.Debug|Any CPU.Build.0 = Debug|Any CPU
		{45429D54-2794-4824-9FF1-BBCAFB37FFA7}.Release|Any CPU.ActiveCfg = Release|Any CPU
		{45429D54-2794-4824-9FF1-BBCAFB37FFA7}.Release|Any CPU.Build.0 = Release|Any CPU
		{3C35E405-90F0-4D3D-AD4C-B351FC77DC60}.Debug|Any CPU.ActiveCfg = Debug|Any CPU
		{3C35E405-90F0-4D3D-AD4C-B351FC77DC60}.Debug|Any CPU.Build.0 = Debug|Any CPU
		{3C35E405-90F0-4D3D-AD4C-B351FC77DC60}.Release|Any CPU.ActiveCfg = Release|Any CPU
		{3C35E405-90F0-4D3D-AD4C-B351FC77DC60}.Release|Any CPU.Build.0 = Release|Any CPU
		{CFD440FE-DD58-4CC4-AD99-497D04F0EF1E}.Debug|Any CPU.ActiveCfg = Debug|Any CPU
		{CFD440FE-DD58-4CC4-AD99-497D04F0EF1E}.Debug|Any CPU.Build.0 = Debug|Any CPU
		{CFD440FE-DD58-4CC4-AD99-497D04F0EF1E}.Release|Any CPU.ActiveCfg = Release|Any CPU
		{CFD440FE-DD58-4CC4-AD99-497D04F0EF1E}.Release|Any CPU.Build.0 = Release|Any CPU
		{61365CAF-C50C-4F38-AF9B-C012050BF098}.Debug|Any CPU.ActiveCfg = Debug|Any CPU
		{61365CAF-C50C-4F38-AF9B-C012050BF098}.Debug|Any CPU.Build.0 = Debug|Any CPU
		{61365CAF-C50C-4F38-AF9B-C012050BF098}.Release|Any CPU.ActiveCfg = Release|Any CPU
		{61365CAF-C50C-4F38-AF9B-C012050BF098}.Release|Any CPU.Build.0 = Release|Any CPU
		{0A7FE5D0-4036-4B7D-B27A-184B4117A6D6}.Debug|Any CPU.ActiveCfg = Debug|Any CPU
		{0A7FE5D0-4036-4B7D-B27A-184B4117A6D6}.Debug|Any CPU.Build.0 = Debug|Any CPU
		{0A7FE5D0-4036-4B7D-B27A-184B4117A6D6}.Release|Any CPU.ActiveCfg = Release|Any CPU
		{0A7FE5D0-4036-4B7D-B27A-184B4117A6D6}.Release|Any CPU.Build.0 = Release|Any CPU
	EndGlobalSection
	GlobalSection(SolutionProperties) = preSolution
		HideSolutionNode = FALSE
	EndGlobalSection
EndGlobal
